
Microsoft Visual Studio Solution File, Format Version 12.00
# Visual Studio Version 16
VisualStudioVersion = 16.0.31229.75
MinimumVisualStudioVersion = 10.0.40219.1
Project("{9A19103F-16F7-4668-BE54-9A1E7A4F7556}") = "Avanade.SubTCSE.Projeto.Api", "Avanade.SubTCSE.Projeto.Api\Avanade.SubTCSE.Projeto.Api.csproj", "{63D3340B-0FCA-450C-A00E-40C4C5108569}"
EndProject
Project("{2150E333-8FDC-42A3-9474-1A3956D46DE8}") = "0-AppService", "0-AppService", "{1C3E9D2B-4429-436C-83C5-7CC39C9093F0}"
EndProject
Project("{2150E333-8FDC-42A3-9474-1A3956D46DE8}") = "1-Application", "1-Application", "{1774C39A-7574-45F5-894A-886920F52B77}"
EndProject
Project("{2150E333-8FDC-42A3-9474-1A3956D46DE8}") = "2-Domain", "2-Domain", "{BE82726B-D076-4800-BB5E-77C22B37EB2A}"
EndProject
Project("{2150E333-8FDC-42A3-9474-1A3956D46DE8}") = "3-Infra", "3-Infra", "{1C0DB323-C33A-4A3F-A57D-6E37D23FBFC6}"
EndProject
Project("{2150E333-8FDC-42A3-9474-1A3956D46DE8}") = "4-Test", "4-Test", "{37C06CB1-BBF4-4E37-BB72-D0A6BD94BC98}"
EndProject
Project("{2150E333-8FDC-42A3-9474-1A3956D46DE8}") = "3.1-CrossCutting", "3.1-CrossCutting", "{FA6E20FB-D7E3-40B5-843C-B0E3B22BD924}"
EndProject
Project("{2150E333-8FDC-42A3-9474-1A3956D46DE8}") = "3.2-Data", "3.2-Data", "{45C82761-4A44-4141-BA22-1E7A9A72A7E0}"
EndProject
Project("{FAE04EC0-301F-11D3-BF4B-00C04F79EFBC}") = "Avanade.SubTCSE.Projeto.Application", "Avanade.SubTCSE.Projeto.Application\Avanade.SubTCSE.Projeto.Application.csproj", "{0FF6B068-D38A-4AC7-AD90-03F149FAB32C}"
EndProject
Project("{FAE04EC0-301F-11D3-BF4B-00C04F79EFBC}") = "Avanade.SubTCSE.Projeto.Domain", "Avanade.SubTCSE.Projeto.Domain\Avanade.SubTCSE.Projeto.Domain.csproj", "{31E84F64-0AEE-44B6-BD4D-ABFCE99458AB}"
EndProject
Project("{FAE04EC0-301F-11D3-BF4B-00C04F79EFBC}") = "Avanade.SubTCSE.Projeto.CrossCutting", "Avanade.SubTCSE.Projeto.CrossCutting\Avanade.SubTCSE.Projeto.CrossCutting.csproj", "{2F169564-537E-4BA0-98B1-B715BF657468}"
EndProject
Project("{FAE04EC0-301F-11D3-BF4B-00C04F79EFBC}") = "Avanade.SubTCSE.Projeto.Data", "Avanade.SubTCSE.Projeto.Data\Avanade.SubTCSE.Projeto.Data.csproj", "{C7FDD539-C931-4A5F-9ADF-EAB613578D20}"
EndProject
Global
	GlobalSection(SolutionConfigurationPlatforms) = preSolution
		Debug|Any CPU = Debug|Any CPU
		Release|Any CPU = Release|Any CPU
	EndGlobalSection
	GlobalSection(ProjectConfigurationPlatforms) = postSolution
		{63D3340B-0FCA-450C-A00E-40C4C5108569}.Debug|Any CPU.ActiveCfg = Debug|Any CPU
		{63D3340B-0FCA-450C-A00E-40C4C5108569}.Debug|Any CPU.Build.0 = Debug|Any CPU
		{63D3340B-0FCA-450C-A00E-40C4C5108569}.Release|Any CPU.ActiveCfg = Release|Any CPU
		{63D3340B-0FCA-450C-A00E-40C4C5108569}.Release|Any CPU.Build.0 = Release|Any CPU
		{0FF6B068-D38A-4AC7-AD90-03F149FAB32C}.Debug|Any CPU.ActiveCfg = Debug|Any CPU
		{0FF6B068-D38A-4AC7-AD90-03F149FAB32C}.Debug|Any CPU.Build.0 = Debug|Any CPU
		{0FF6B068-D38A-4AC7-AD90-03F149FAB32C}.Release|Any CPU.ActiveCfg = Release|Any CPU
		{0FF6B068-D38A-4AC7-AD90-03F149FAB32C}.Release|Any CPU.Build.0 = Release|Any CPU
		{31E84F64-0AEE-44B6-BD4D-ABFCE99458AB}.Debug|Any CPU.ActiveCfg = Debug|Any CPU
		{31E84F64-0AEE-44B6-BD4D-ABFCE99458AB}.Debug|Any CPU.Build.0 = Debug|Any CPU
		{31E84F64-0AEE-44B6-BD4D-ABFCE99458AB}.Release|Any CPU.ActiveCfg = Release|Any CPU
		{31E84F64-0AEE-44B6-BD4D-ABFCE99458AB}.Release|Any CPU.Build.0 = Release|Any CPU
		{2F169564-537E-4BA0-98B1-B715BF657468}.Debug|Any CPU.ActiveCfg = Debug|Any CPU
		{2F169564-537E-4BA0-98B1-B715BF657468}.Debug|Any CPU.Build.0 = Debug|Any CPU
		{2F169564-537E-4BA0-98B1-B715BF657468}.Release|Any CPU.ActiveCfg = Release|Any CPU
		{2F169564-537E-4BA0-98B1-B715BF657468}.Release|Any CPU.Build.0 = Release|Any CPU
		{C7FDD539-C931-4A5F-9ADF-EAB613578D20}.Debug|Any CPU.ActiveCfg = Debug|Any CPU
		{C7FDD539-C931-4A5F-9ADF-EAB613578D20}.Debug|Any CPU.Build.0 = Debug|Any CPU
		{C7FDD539-C931-4A5F-9ADF-EAB613578D20}.Release|Any CPU.ActiveCfg = Release|Any CPU
		{C7FDD539-C931-4A5F-9ADF-EAB613578D20}.Release|Any CPU.Build.0 = Release|Any CPU
	EndGlobalSection
	GlobalSection(SolutionProperties) = preSolution
		HideSolutionNode = FALSE
	EndGlobalSection
	GlobalSection(NestedProjects) = preSolution
		{63D3340B-0FCA-450C-A00E-40C4C5108569} = {1C3E9D2B-4429-436C-83C5-7CC39C9093F0}
		{FA6E20FB-D7E3-40B5-843C-B0E3B22BD924} = {1C0DB323-C33A-4A3F-A57D-6E37D23FBFC6}
		{45C82761-4A44-4141-BA22-1E7A9A72A7E0} = {1C0DB323-C33A-4A3F-A57D-6E37D23FBFC6}
		{0FF6B068-D38A-4AC7-AD90-03F149FAB32C} = {1774C39A-7574-45F5-894A-886920F52B77}
		{31E84F64-0AEE-44B6-BD4D-ABFCE99458AB} = {BE82726B-D076-4800-BB5E-77C22B37EB2A}
		{2F169564-537E-4BA0-98B1-B715BF657468} = {FA6E20FB-D7E3-40B5-843C-B0E3B22BD924}
		{C7FDD539-C931-4A5F-9ADF-EAB613578D20} = {45C82761-4A44-4141-BA22-1E7A9A72A7E0}
	EndGlobalSection
	GlobalSection(ExtensibilityGlobals) = postSolution
		SolutionGuid = {8D21CF7A-D20D-4A0F-B6E5-99EE7AA6017C}
	EndGlobalSection
EndGlobal
